
Microsoft Visual Studio Solution File, Format Version 12.00
# Visual Studio Version 17
VisualStudioVersion = 17.10.35122.118
MinimumVisualStudioVersion = 10.0.40219.1
Project("{FAE04EC0-301F-11D3-BF4B-00C04F79EFBC}") = "AspNetCoreRestfulApi", "AspNetCoreRestfulApi.csproj", "{F278C6A2-BCC2-403B-AA62-CE0AE3531569}"
EndProject
Global
	GlobalSection(SolutionConfigurationPlatforms) = preSolution
		Debug|Any CPU = Debug|Any CPU
		Release|Any CPU = Release|Any CPU
	EndGlobalSection
	GlobalSection(ProjectConfigurationPlatforms) = postSolution
		{F278C6A2-BCC2-403B-AA62-CE0AE3531569}.Debug|Any CPU.ActiveCfg = Debug|Any CPU
		{F278C6A2-BCC2-403B-AA62-CE0AE3531569}.Debug|Any CPU.Build.0 = Debug|Any CPU
		{F278C6A2-BCC2-403B-AA62-CE0AE3531569}.Release|Any CPU.ActiveCfg = Release|Any CPU
		{F278C6A2-BCC2-403B-AA62-CE0AE3531569}.Release|Any CPU.Build.0 = Release|Any CPU
	EndGlobalSection
	GlobalSection(SolutionProperties) = preSolution
		HideSolutionNode = FALSE
	EndGlobalSection
	GlobalSection(ExtensibilityGlobals) = postSolution
		SolutionGuid = {F8D183E3-05F7-410E-AF6E-DA93A883F8DA}
	EndGlobalSection
EndGlobal
